github.com/YaroslavGaponov/geosearch v0.0.0-20240913191216-dd9f5af69570 h1:1cNjbdJKVLyavdDT2LoJBWfPeMKmFxkoLQdGC8deBrc=
github.com/YaroslavGaponov/geosearch v0.0.0-20240913191216-dd9f5af69570/go.mod h1:dJheGcHKI4zNStVb3VD9IuEcMTaYxAUMy73oD1EhcI4=
github.com/go-chi/chi/v5 v5.1.0 h1:acVI1TYaD+hhedDJ3r54HyA6sExp3HfXq7QWEEY/xMw=
github.com/go-chi/chi/v5 v5.1.0/go.mod h1:DslCQbL2OYiznFReuXYUmQ2hGd1aDpCnlMNITLSKoi8=
